{
  "version": 4,
  "terraform_version": "0.13.7",
  "serial": 2,
  "lineage": "b595b8f8-d001-aad4-e210-fd9d625a701e",
  "outputs": {
    "aws_acm_certificate_tfer--688542ef-16c5-4885-b626-3621458d880e_www-002E-prisoner-training-app-002E-com_id": {
      "value": "arn:aws:acm:ap-northeast-1:748732166031:certificate/688542ef-16c5-4885-b626-3621458d880e",
      "type": "string"
    },
    "aws_db_instance_tfer--pta-db_id": {
      "value": "pta-db",
      "type": "string"
    },
    "aws_ecr_repository_tfer--pta_api_id": {
      "value": "pta_api",
      "type": "string"
    },
    "aws_ecr_repository_tfer--pta_frontend_id": {
      "value": "pta_frontend",
      "type": "string"
    },
    "aws_ecs_cluster_tfer--pta-cluster_id": {
      "value": "arn:aws:ecs:ap-northeast-1:748732166031:cluster/pta-cluster",
      "type": "string"
    },
    "aws_ecs_service_tfer--pta-cluster_pta-service_id": {
      "value": "arn:aws:ecs:ap-northeast-1:748732166031:service/pta-cluster/pta-service",
      "type": "string"
    },
    "aws_ecs_task_definition_tfer--task-definition-002F-ecs_pta_task_id": {
      "value": "ecs_pta_task",
      "type": "string"
    },
    "aws_internet_gateway_tfer--igw-0f9864e58bc3a0ecc_id": {
      "value": "igw-0f9864e58bc3a0ecc",
      "type": "string"
    },
    "aws_route53_zone_tfer--Z0469710YFN6H630JRIE_prisoner-training-app-002E-com_id": {
      "value": "Z0469710YFN6H630JRIE",
      "type": "string"
    },
    "aws_route_table_tfer--rtb-036f24e2b4d658c56_id": {
      "value": "rtb-036f24e2b4d658c56",
      "type": "string"
    },
    "aws_security_group_tfer--pta-alb-sg_sg-09a1fbce35a5ef1c5_id": {
      "value": "sg-09a1fbce35a5ef1c5",
      "type": "string"
    },
    "aws_security_group_tfer--pta-db-sg_sg-0bbf6cdd7121cb715_id": {
      "value": "sg-0bbf6cdd7121cb715",
      "type": "string"
    },
    "aws_security_group_tfer--pta_ecs_sg_sg-02075dc1149208821_id": {
      "value": "sg-02075dc1149208821",
      "type": "string"
    },
    "aws_subnet_tfer--subnet-0635816e36cc79294_id": {
      "value": "subnet-0635816e36cc79294",
      "type": "string"
    },
    "aws_subnet_tfer--subnet-0a66ccfff9e5ab0ba_id": {
      "value": "subnet-0a66ccfff9e5ab0ba",
      "type": "string"
    },
    "aws_subnet_tfer--subnet-0e8479f86a3a382b8_id": {
      "value": "subnet-0e8479f86a3a382b8",
      "type": "string"
    },
    "aws_subnet_tfer--subnet-0f5ed940db4881191_id": {
      "value": "subnet-0f5ed940db4881191",
      "type": "string"
    },
    "aws_vpc_tfer--vpc-0afaa249c2c5abb82_id": {
      "value": "vpc-0afaa249c2c5abb82",
      "type": "string"
    }
  },
  "resources": [
    {
      "mode": "managed",
      "type": "aws_acm_certificate",
      "name": "tfer--688542ef-16c5-4885-b626-3621458d880e_www-002E-prisoner-training-app-002E-com",
      "provider": "provider[\"registry.terraform.io/-/aws\"]",
      "instances": [
        {
          "schema_version": 0,
          "attributes_flat": {
            "arn": "arn:aws:acm:ap-northeast-1:748732166031:certificate/688542ef-16c5-4885-b626-3621458d880e",
            "certificate_authority_arn": "",
            "domain_name": "www.prisoner-training-app.com",
            "domain_validation_options.#": "1",
            "domain_validation_options.0.domain_name": "www.prisoner-training-app.com",
            "domain_validation_options.0.resource_record_name": "_67046b25ec7b0194f55a6a1294bd27fb.www.prisoner-training-app.com.",
            "domain_validation_options.0.resource_record_type": "CNAME",
            "domain_validation_options.0.resource_record_value": "_d501de7dcee431b808f5dda70defe0a0.gjjrqxwdmz.acm-validations.aws.",
            "early_renewal_duration": "",
            "id": "arn:aws:acm:ap-northeast-1:748732166031:certificate/688542ef-16c5-4885-b626-3621458d880e",
            "not_after": "2023-01-28T23:59:59Z",
            "not_before": "2021-12-30T00:00:00Z",
            "options.#": "1",
            "options.0.certificate_transparency_logging_preference": "ENABLED",
            "pending_renewal": "false",
            "renewal_eligibility": "ELIGIBLE",
            "renewal_summary.#": "0",
            "status": "ISSUED",
            "subject_alternative_names.#": "1",
            "subject_alternative_names.0": "www.prisoner-training-app.com",
            "tags.%": "1",
            "tags.Environment": "production",
            "tags_all.%": "1",
            "tags_all.Environment": "production",
            "type": "AMAZON_ISSUED",
            "validation_emails.#": "0",
            "validation_method": "DNS"
          }
        }
      ]
    },
    {
      "mode": "managed",
      "type": "aws_db_instance",
      "name": "tfer--pta-db",
      "provider": "provider[\"registry.terraform.io/-/aws\"]",
      "instances": [
        {
          "schema_version": 1,
          "attributes_flat": {
            "address": "pta-db.ccvmjeseqmcv.ap-northeast-1.rds.amazonaws.com",
            "allocated_storage": "20",
            "arn": "arn:aws:rds:ap-northeast-1:748732166031:db:pta-db",
            "auto_minor_version_upgrade": "true",
            "availability_zone": "ap-northeast-1a",
            "backup_retention_period": "7",
            "backup_window": "13:02-13:32",
            "ca_cert_identifier": "rds-ca-2019",
            "character_set_name": "",
            "copy_tags_to_snapshot": "true",
            "custom_iam_instance_profile": "",
            "customer_owned_ip_enabled": "false",
            "db_name": "",
            "db_subnet_group_name": "pta-rds-group",
            "deletion_protection": "false",
            "domain": "",
            "domain_iam_role_name": "",
            "enabled_cloudwatch_logs_exports.#": "0",
            "endpoint": "pta-db.ccvmjeseqmcv.ap-northeast-1.rds.amazonaws.com:3306",
            "engine": "mysql",
            "engine_version": "8.0.28",
            "engine_version_actual": "8.0.28",
            "hosted_zone_id": "Z24O6O9L7SGTNB",
            "iam_database_authentication_enabled": "false",
            "id": "pta-db",
            "identifier": "pta-db",
            "identifier_prefix": "",
            "instance_class": "db.t2.micro",
            "iops": "0",
            "kms_key_id": "",
            "latest_restorable_time": "2022-11-03T10:50:00Z",
            "license_model": "general-public-license",
            "maintenance_window": "fri:18:30-fri:19:00",
            "max_allocated_storage": "0",
            "monitoring_interval": "0",
            "monitoring_role_arn": "",
            "multi_az": "false",
            "name": "",
            "nchar_character_set_name": "",
            "network_type": "IPV4",
            "option_group_name": "default:mysql-8-0",
            "parameter_group_name": "default.mysql8.0",
            "performance_insights_enabled": "false",
            "performance_insights_kms_key_id": "",
            "performance_insights_retention_period": "0",
            "port": "3306",
            "publicly_accessible": "false",
            "replica_mode": "",
            "replicas.#": "0",
            "replicate_source_db": "",
            "resource_id": "db-DRDOH5TX6P46BB2XDLUEDJM2R4",
            "security_group_names.#": "0",
            "status": "available",
            "storage_encrypted": "false",
            "storage_type": "gp2",
            "tags.%": "1",
            "tags.Environment": "production",
            "tags_all.%": "1",
            "tags_all.Environment": "production",
            "timezone": "",
            "username": "root",
            "vpc_security_group_ids.#": "1",
            "vpc_security_group_ids.0": "sg-0bbf6cdd7121cb715"
          }
        }
      ]
    },
    {
      "mode": "managed",
      "type": "aws_ecr_repository",
      "name": "tfer--pta_api",
      "provider": "provider[\"registry.terraform.io/-/aws\"]",
      "instances": [
        {
          "schema_version": 0,
          "attributes_flat": {
            "arn": "arn:aws:ecr:ap-northeast-1:748732166031:repository/pta_api",
            "encryption_configuration.#": "1",
            "encryption_configuration.0.encryption_type": "AES256",
            "encryption_configuration.0.kms_key": "",
            "id": "pta_api",
            "image_scanning_configuration.#": "1",
            "image_scanning_configuration.0.scan_on_push": "false",
            "image_tag_mutability": "MUTABLE",
            "name": "pta_api",
            "registry_id": "748732166031",
            "repository_url": "748732166031.dkr.ecr.ap-northeast-1.amazonaws.com/pta_api",
            "tags.%": "1",
            "tags.Environment": "production",
            "tags_all.%": "1",
            "tags_all.Environment": "production"
          }
        }
      ]
    },
    {
      "mode": "managed",
      "type": "aws_ecr_repository",
      "name": "tfer--pta_frontend",
      "provider": "provider[\"registry.terraform.io/-/aws\"]",
      "instances": [
        {
          "schema_version": 0,
          "attributes_flat": {
            "arn": "arn:aws:ecr:ap-northeast-1:748732166031:repository/pta_frontend",
            "encryption_configuration.#": "1",
            "encryption_configuration.0.encryption_type": "AES256",
            "encryption_configuration.0.kms_key": "",
            "id": "pta_frontend",
            "image_scanning_configuration.#": "1",
            "image_scanning_configuration.0.scan_on_push": "false",
            "image_tag_mutability": "MUTABLE",
            "name": "pta_frontend",
            "registry_id": "748732166031",
            "repository_url": "748732166031.dkr.ecr.ap-northeast-1.amazonaws.com/pta_frontend",
            "tags.%": "1",
            "tags.Environment": "production",
            "tags_all.%": "1",
            "tags_all.Environment": "production"
          }
        }
      ]
    },
    {
      "mode": "managed",
      "type": "aws_ecs_cluster",
      "name": "tfer--pta-cluster",
      "provider": "provider[\"registry.terraform.io/-/aws\"]",
      "instances": [
        {
          "schema_version": 0,
          "attributes_flat": {
            "arn": "arn:aws:ecs:ap-northeast-1:748732166031:cluster/pta-cluster",
            "capacity_providers.#": "2",
            "capacity_providers.0": "FARGATE",
            "capacity_providers.1": "FARGATE_SPOT",
            "default_capacity_provider_strategy.#": "0",
            "id": "arn:aws:ecs:ap-northeast-1:748732166031:cluster/pta-cluster",
            "name": "pta-cluster",
            "setting.#": "1",
            "setting.0.name": "containerInsights",
            "setting.0.value": "disabled",
            "tags.%": "1",
            "tags.Environment": "production",
            "tags_all.%": "1",
            "tags_all.Environment": "production"
          }
        }
      ]
    },
    {
      "mode": "managed",
      "type": "aws_ecs_cluster_capacity_providers",
      "name": "tfer--pta-cluster",
      "provider": "provider[\"registry.terraform.io/hashicorp/aws\"]",
      "instances": [
        {
          "schema_version": 0,
          "attributes": {
            "capacity_providers": [
              "FARGATE",
              "FARGATE_SPOT"
            ],
            "cluster_name": "pta-cluster",
            "default_capacity_provider_strategy": [],
            "id": "pta-cluster"
          },
          "private": "eyJzY2hlbWFfdmVyc2lvbiI6IjAifQ=="
        }
      ]
    },
    {
      "mode": "managed",
      "type": "aws_ecs_service",
      "name": "tfer--pta-cluster_pta-service",
      "provider": "provider[\"registry.terraform.io/-/aws\"]",
      "instances": [
        {
          "schema_version": 0,
          "attributes_flat": {
            "capacity_provider_strategy.#": "0",
            "cluster": "pta-cluster",
            "deployment_circuit_breaker.#": "1",
            "deployment_circuit_breaker.0.enable": "false",
            "deployment_circuit_breaker.0.rollback": "false",
            "deployment_controller.#": "1",
            "deployment_controller.0.type": "ECS",
            "deployment_maximum_percent": "200",
            "deployment_minimum_healthy_percent": "100",
            "desired_count": "2",
            "enable_ecs_managed_tags": "true",
            "enable_execute_command": "true",
            "health_check_grace_period_seconds": "3600",
            "iam_role": "aws-service-role",
            "id": "arn:aws:ecs:ap-northeast-1:748732166031:service/pta-cluster/pta-service",
            "launch_type": "FARGATE",
            "load_balancer.#": "1",
            "load_balancer.0.container_name": "pta_frontend",
            "load_balancer.0.container_port": "80",
            "load_balancer.0.elb_name": "",
            "load_balancer.0.target_group_arn": "arn:aws:elasticloadbalancing:ap-northeast-1:748732166031:targetgroup/pta-target/58c1a32cd1b870d4",
            "name": "pta-service",
            "network_configuration.#": "1",
            "network_configuration.0.assign_public_ip": "true",
            "network_configuration.0.security_groups.#": "1",
            "network_configuration.0.security_groups.0": "sg-02075dc1149208821",
            "network_configuration.0.subnets.#": "2",
            "network_configuration.0.subnets.0": "subnet-0635816e36cc79294",
            "network_configuration.0.subnets.1": "subnet-0f5ed940db4881191",
            "ordered_placement_strategy.#": "0",
            "placement_constraints.#": "0",
            "platform_version": "1.4.0",
            "propagate_tags": "NONE",
            "scheduling_strategy": "REPLICA",
            "service_registries.#": "0",
            "tags.%": "1",
            "tags.Environment": "production",
            "tags_all.%": "1",
            "tags_all.Environment": "production",
            "task_definition": "arn:aws:ecs:ap-northeast-1:748732166031:task-definition/ecs_pta_task:22"
          }
        }
      ]
    },
    {
      "mode": "managed",
      "type": "aws_ecs_task_definition",
      "name": "tfer--task-definition-002F-ecs_pta_task",
      "provider": "provider[\"registry.terraform.io/-/aws\"]",
      "instances": [
        {
          "schema_version": 1,
          "attributes_flat": {
            "arn": "arn:aws:ecs:ap-northeast-1:748732166031:task-definition/ecs_pta_task:22",
            "container_definitions": "[{\"cpu\":0,\"environment\":[{\"name\":\"RAILS_ENV\",\"value\":\"production\"}],\"essential\":true,\"image\":\"748732166031.dkr.ecr.ap-northeast-1.amazonaws.com/pta_api:6b78d4eea6fa8b363bf4619513f2c28359e5d3e8\",\"logConfiguration\":{\"logDriver\":\"awslogs\",\"options\":{\"awslogs-group\":\"/ecs/ecs_pta_task\",\"awslogs-region\":\"ap-northeast-1\",\"awslogs-stream-prefix\":\"ecs\"}},\"mountPoints\":[],\"name\":\"pta_api\",\"portMappings\":[{\"containerPort\":3000,\"hostPort\":3000,\"protocol\":\"tcp\"}],\"secrets\":[{\"name\":\"DB_HOST\",\"valueFrom\":\"pta-db-host\"},{\"name\":\"DB_PASSWORD\",\"valueFrom\":\"pta-db-password\"},{\"name\":\"DB_USERNAME\",\"valueFrom\":\"pta-db-username\"}],\"volumesFrom\":[]},{\"cpu\":0,\"dependsOn\":[{\"condition\":\"START\",\"containerName\":\"pta_api\"}],\"environment\":[],\"essential\":true,\"image\":\"748732166031.dkr.ecr.ap-northeast-1.amazonaws.com/pta_frontend:6b78d4eea6fa8b363bf4619513f2c28359e5d3e8\",\"logConfiguration\":{\"logDriver\":\"awslogs\",\"options\":{\"awslogs-group\":\"/ecs/ecs_pta_task\",\"awslogs-region\":\"ap-northeast-1\",\"awslogs-stream-prefix\":\"ecs\"}},\"mountPoints\":[],\"name\":\"pta_frontend\",\"portMappings\":[{\"containerPort\":80,\"hostPort\":80,\"protocol\":\"tcp\"}],\"volumesFrom\":[{\"sourceContainer\":\"pta_api\"}]}]",
            "cpu": "256",
            "ephemeral_storage.#": "0",
            "execution_role_arn": "arn:aws:iam::748732166031:role/ecsTaskExecutionRole",
            "family": "ecs_pta_task",
            "id": "ecs_pta_task",
            "inference_accelerator.#": "0",
            "ipc_mode": "",
            "memory": "512",
            "network_mode": "awsvpc",
            "pid_mode": "",
            "placement_constraints.#": "0",
            "proxy_configuration.#": "0",
            "requires_compatibilities.#": "1",
            "requires_compatibilities.0": "FARGATE",
            "revision": "22",
            "runtime_platform.#": "1",
            "runtime_platform.0.cpu_architecture": "",
            "runtime_platform.0.operating_system_family": "LINUX",
            "tags.%": "1",
            "tags.Environment": "production",
            "tags_all.%": "1",
            "tags_all.Environment": "production",
            "task_role_arn": "arn:aws:iam::748732166031:role/ecsTaskExecutionRole",
            "volume.#": "0"
          }
        }
      ]
    },
    {
      "mode": "managed",
      "type": "aws_internet_gateway",
      "name": "tfer--igw-0f9864e58bc3a0ecc",
      "provider": "provider[\"registry.terraform.io/-/aws\"]",
      "instances": [
        {
          "schema_version": 0,
          "attributes_flat": {
            "arn": "arn:aws:ec2:ap-northeast-1:748732166031:internet-gateway/igw-0f9864e58bc3a0ecc",
            "id": "igw-0f9864e58bc3a0ecc",
            "owner_id": "748732166031",
            "tags.%": "2",
            "tags.Environment": "production",
            "tags.Name": "pta-gateway",
            "tags_all.%": "2",
            "tags_all.Environment": "production",
            "tags_all.Name": "pta-gateway",
            "vpc_id": "vpc-0afaa249c2c5abb82"
          }
        }
      ]
    },
    {
      "mode": "managed",
      "type": "aws_route53_zone",
      "name": "tfer--Z0469710YFN6H630JRIE_prisoner-training-app-002E-com",
      "provider": "provider[\"registry.terraform.io/-/aws\"]",
      "instances": [
        {
          "schema_version": 0,
          "attributes_flat": {
            "arn": "arn:aws:route53:::hostedzone/Z0469710YFN6H630JRIE",
            "comment": "HostedZone created by Route53 Registrar",
            "delegation_set_id": "",
            "force_destroy": "false",
            "id": "Z0469710YFN6H630JRIE",
            "name": "prisoner-training-app.com",
            "name_servers.#": "4",
            "name_servers.0": "ns-1326.awsdns-37.org",
            "name_servers.1": "ns-1974.awsdns-54.co.uk",
            "name_servers.2": "ns-446.awsdns-55.com",
            "name_servers.3": "ns-755.awsdns-30.net",
            "primary_name_server": "ns-446.awsdns-55.com",
            "tags.%": "1",
            "tags.Environment": "production",
            "tags_all.%": "1",
            "tags_all.Environment": "production",
            "vpc.#": "0",
            "zone_id": "Z0469710YFN6H630JRIE"
          }
        }
      ]
    },
    {
      "mode": "managed",
      "type": "aws_route_table",
      "name": "tfer--rtb-036f24e2b4d658c56",
      "provider": "provider[\"registry.terraform.io/-/aws\"]",
      "instances": [
        {
          "schema_version": 0,
          "attributes_flat": {
            "arn": "arn:aws:ec2:ap-northeast-1:748732166031:route-table/rtb-036f24e2b4d658c56",
            "id": "rtb-036f24e2b4d658c56",
            "owner_id": "748732166031",
            "propagating_vgws.#": "0",
            "route.#": "1",
            "route.0.carrier_gateway_id": "",
            "route.0.cidr_block": "0.0.0.0/0",
            "route.0.core_network_arn": "",
            "route.0.destination_prefix_list_id": "",
            "route.0.egress_only_gateway_id": "",
            "route.0.gateway_id": "igw-0f9864e58bc3a0ecc",
            "route.0.instance_id": "",
            "route.0.ipv6_cidr_block": "",
            "route.0.local_gateway_id": "",
            "route.0.nat_gateway_id": "",
            "route.0.network_interface_id": "",
            "route.0.transit_gateway_id": "",
            "route.0.vpc_endpoint_id": "",
            "route.0.vpc_peering_connection_id": "",
            "tags.%": "2",
            "tags.Environment": "production",
            "tags.Name": "pta-route-table",
            "tags_all.%": "2",
            "tags_all.Environment": "production",
            "tags_all.Name": "pta-route-table",
            "vpc_id": "vpc-0afaa249c2c5abb82"
          }
        }
      ]
    },
    {
      "mode": "managed",
      "type": "aws_security_group",
      "name": "tfer--pta-alb-sg_sg-09a1fbce35a5ef1c5",
      "provider": "provider[\"registry.terraform.io/-/aws\"]",
      "instances": [
        {
          "schema_version": 1,
          "attributes_flat": {
            "arn": "arn:aws:ec2:ap-northeast-1:748732166031:security-group/sg-09a1fbce35a5ef1c5",
            "description": "pta-alb-sg",
            "egress.#": "1",
            "egress.0.cidr_blocks.#": "0",
            "egress.0.description": "",
            "egress.0.from_port": "80",
            "egress.0.ipv6_cidr_blocks.#": "0",
            "egress.0.prefix_list_ids.#": "0",
            "egress.0.protocol": "tcp",
            "egress.0.security_groups.#": "1",
            "egress.0.security_groups.0": "sg-02075dc1149208821",
            "egress.0.self": "false",
            "egress.0.to_port": "80",
            "id": "sg-09a1fbce35a5ef1c5",
            "ingress.#": "2",
            "ingress.0.cidr_blocks.#": "1",
            "ingress.0.cidr_blocks.0": "0.0.0.0/0",
            "ingress.0.description": "",
            "ingress.0.from_port": "443",
            "ingress.0.ipv6_cidr_blocks.#": "0",
            "ingress.0.prefix_list_ids.#": "0",
            "ingress.0.protocol": "tcp",
            "ingress.0.security_groups.#": "0",
            "ingress.0.self": "false",
            "ingress.0.to_port": "443",
            "ingress.1.cidr_blocks.#": "1",
            "ingress.1.cidr_blocks.0": "0.0.0.0/0",
            "ingress.1.description": "",
            "ingress.1.from_port": "80",
            "ingress.1.ipv6_cidr_blocks.#": "0",
            "ingress.1.prefix_list_ids.#": "0",
            "ingress.1.protocol": "tcp",
            "ingress.1.security_groups.#": "0",
            "ingress.1.self": "false",
            "ingress.1.to_port": "80",
            "name": "pta-alb-sg",
            "name_prefix": "",
            "owner_id": "748732166031",
            "tags.%": "1",
            "tags.Environment": "production",
            "tags_all.%": "1",
            "tags_all.Environment": "production",
            "vpc_id": "vpc-0afaa249c2c5abb82"
          }
        }
      ]
    },
    {
      "mode": "managed",
      "type": "aws_security_group",
      "name": "tfer--pta-db-sg_sg-0bbf6cdd7121cb715",
      "provider": "provider[\"registry.terraform.io/-/aws\"]",
      "instances": [
        {
          "schema_version": 1,
          "attributes_flat": {
            "arn": "arn:aws:ec2:ap-northeast-1:748732166031:security-group/sg-0bbf6cdd7121cb715",
            "description": "Security group for rds",
            "egress.#": "1",
            "egress.0.cidr_blocks.#": "1",
            "egress.0.cidr_blocks.0": "0.0.0.0/0",
            "egress.0.description": "",
            "egress.0.from_port": "0",
            "egress.0.ipv6_cidr_blocks.#": "0",
            "egress.0.prefix_list_ids.#": "0",
            "egress.0.protocol": "-1",
            "egress.0.security_groups.#": "0",
            "egress.0.self": "false",
            "egress.0.to_port": "0",
            "id": "sg-0bbf6cdd7121cb715",
            "ingress.#": "1",
            "ingress.0.cidr_blocks.#": "0",
            "ingress.0.description": "",
            "ingress.0.from_port": "3306",
            "ingress.0.ipv6_cidr_blocks.#": "0",
            "ingress.0.prefix_list_ids.#": "0",
            "ingress.0.protocol": "tcp",
            "ingress.0.security_groups.#": "1",
            "ingress.0.security_groups.0": "sg-02075dc1149208821",
            "ingress.0.self": "false",
            "ingress.0.to_port": "3306",
            "name": "pta-db-sg",
            "name_prefix": "",
            "owner_id": "748732166031",
            "tags.%": "1",
            "tags.Environment": "production",
            "tags_all.%": "1",
            "tags_all.Environment": "production",
            "vpc_id": "vpc-0afaa249c2c5abb82"
          }
        }
      ]
    },
    {
      "mode": "managed",
      "type": "aws_security_group",
      "name": "tfer--pta_ecs_sg_sg-02075dc1149208821",
      "provider": "provider[\"registry.terraform.io/-/aws\"]",
      "instances": [
        {
          "schema_version": 1,
          "attributes_flat": {
            "arn": "arn:aws:ec2:ap-northeast-1:748732166031:security-group/sg-02075dc1149208821",
            "description": "pta_ecs_sg",
            "egress.#": "1",
            "egress.0.cidr_blocks.#": "1",
            "egress.0.cidr_blocks.0": "0.0.0.0/0",
            "egress.0.description": "",
            "egress.0.from_port": "0",
            "egress.0.ipv6_cidr_blocks.#": "0",
            "egress.0.prefix_list_ids.#": "0",
            "egress.0.protocol": "-1",
            "egress.0.security_groups.#": "0",
            "egress.0.self": "false",
            "egress.0.to_port": "0",
            "id": "sg-02075dc1149208821",
            "ingress.#": "1",
            "ingress.0.cidr_blocks.#": "1",
            "ingress.0.cidr_blocks.0": "0.0.0.0/0",
            "ingress.0.description": "",
            "ingress.0.from_port": "80",
            "ingress.0.ipv6_cidr_blocks.#": "1",
            "ingress.0.ipv6_cidr_blocks.0": "::/0",
            "ingress.0.prefix_list_ids.#": "0",
            "ingress.0.protocol": "tcp",
            "ingress.0.security_groups.#": "0",
            "ingress.0.self": "false",
            "ingress.0.to_port": "80",
            "name": "pta_ecs_sg",
            "name_prefix": "",
            "owner_id": "748732166031",
            "tags.%": "1",
            "tags.Environment": "production",
            "tags_all.%": "1",
            "tags_all.Environment": "production",
            "vpc_id": "vpc-0afaa249c2c5abb82"
          }
        }
      ]
    },
    {
      "mode": "managed",
      "type": "aws_subnet",
      "name": "tfer--subnet-0635816e36cc79294",
      "provider": "provider[\"registry.terraform.io/-/aws\"]",
      "instances": [
        {
          "schema_version": 1,
          "attributes_flat": {
            "arn": "arn:aws:ec2:ap-northeast-1:748732166031:subnet/subnet-0635816e36cc79294",
            "assign_ipv6_address_on_creation": "false",
            "availability_zone": "ap-northeast-1c",
            "availability_zone_id": "apne1-az1",
            "cidr_block": "10.0.20.0/24",
            "customer_owned_ipv4_pool": "",
            "enable_dns64": "false",
            "enable_resource_name_dns_a_record_on_launch": "false",
            "enable_resource_name_dns_aaaa_record_on_launch": "false",
            "id": "subnet-0635816e36cc79294",
            "ipv6_cidr_block": "",
            "ipv6_cidr_block_association_id": "",
            "ipv6_native": "false",
            "map_customer_owned_ip_on_launch": "false",
            "map_public_ip_on_launch": "false",
            "outpost_arn": "",
            "owner_id": "748732166031",
            "private_dns_hostname_type_on_launch": "ip-name",
            "tags.%": "2",
            "tags.Environment": "production",
            "tags.Name": "public-subnet-c",
            "tags_all.%": "2",
            "tags_all.Environment": "production",
            "tags_all.Name": "public-subnet-c",
            "vpc_id": "vpc-0afaa249c2c5abb82"
          }
        }
      ]
    },
    {
      "mode": "managed",
      "type": "aws_subnet",
      "name": "tfer--subnet-0a66ccfff9e5ab0ba",
      "provider": "provider[\"registry.terraform.io/-/aws\"]",
      "instances": [
        {
          "schema_version": 1,
          "attributes_flat": {
            "arn": "arn:aws:ec2:ap-northeast-1:748732166031:subnet/subnet-0a66ccfff9e5ab0ba",
            "assign_ipv6_address_on_creation": "false",
            "availability_zone": "ap-northeast-1a",
            "availability_zone_id": "apne1-az4",
            "cidr_block": "10.0.2.0/24",
            "customer_owned_ipv4_pool": "",
            "enable_dns64": "false",
            "enable_resource_name_dns_a_record_on_launch": "false",
            "enable_resource_name_dns_aaaa_record_on_launch": "false",
            "id": "subnet-0a66ccfff9e5ab0ba",
            "ipv6_cidr_block": "",
            "ipv6_cidr_block_association_id": "",
            "ipv6_native": "false",
            "map_customer_owned_ip_on_launch": "false",
            "map_public_ip_on_launch": "false",
            "outpost_arn": "",
            "owner_id": "748732166031",
            "private_dns_hostname_type_on_launch": "ip-name",
            "tags.%": "2",
            "tags.Environment": "production",
            "tags.Name": "プライベートサブネット",
            "tags_all.%": "2",
            "tags_all.Environment": "production",
            "tags_all.Name": "プライベートサブネット",
            "vpc_id": "vpc-0afaa249c2c5abb82"
          }
        }
      ]
    },
    {
      "mode": "managed",
      "type": "aws_subnet",
      "name": "tfer--subnet-0e8479f86a3a382b8",
      "provider": "provider[\"registry.terraform.io/-/aws\"]",
      "instances": [
        {
          "schema_version": 1,
          "attributes_flat": {
            "arn": "arn:aws:ec2:ap-northeast-1:748732166031:subnet/subnet-0e8479f86a3a382b8",
            "assign_ipv6_address_on_creation": "false",
            "availability_zone": "ap-northeast-1c",
            "availability_zone_id": "apne1-az1",
            "cidr_block": "10.0.3.0/24",
            "customer_owned_ipv4_pool": "",
            "enable_dns64": "false",
            "enable_resource_name_dns_a_record_on_launch": "false",
            "enable_resource_name_dns_aaaa_record_on_launch": "false",
            "id": "subnet-0e8479f86a3a382b8",
            "ipv6_cidr_block": "",
            "ipv6_cidr_block_association_id": "",
            "ipv6_native": "false",
            "map_customer_owned_ip_on_launch": "false",
            "map_public_ip_on_launch": "false",
            "outpost_arn": "",
            "owner_id": "748732166031",
            "private_dns_hostname_type_on_launch": "ip-name",
            "tags.%": "2",
            "tags.Environment": "production",
            "tags.Name": "RDS用サブネット",
            "tags_all.%": "2",
            "tags_all.Environment": "production",
            "tags_all.Name": "RDS用サブネット",
            "vpc_id": "vpc-0afaa249c2c5abb82"
          }
        }
      ]
    },
    {
      "mode": "managed",
      "type": "aws_subnet",
      "name": "tfer--subnet-0f5ed940db4881191",
      "provider": "provider[\"registry.terraform.io/-/aws\"]",
      "instances": [
        {
          "schema_version": 1,
          "attributes_flat": {
            "arn": "arn:aws:ec2:ap-northeast-1:748732166031:subnet/subnet-0f5ed940db4881191",
            "assign_ipv6_address_on_creation": "false",
            "availability_zone": "ap-northeast-1a",
            "availability_zone_id": "apne1-az4",
            "cidr_block": "10.0.10.0/24",
            "customer_owned_ipv4_pool": "",
            "enable_dns64": "false",
            "enable_resource_name_dns_a_record_on_launch": "false",
            "enable_resource_name_dns_aaaa_record_on_launch": "false",
            "id": "subnet-0f5ed940db4881191",
            "ipv6_cidr_block": "",
            "ipv6_cidr_block_association_id": "",
            "ipv6_native": "false",
            "map_customer_owned_ip_on_launch": "false",
            "map_public_ip_on_launch": "false",
            "outpost_arn": "",
            "owner_id": "748732166031",
            "private_dns_hostname_type_on_launch": "ip-name",
            "tags.%": "2",
            "tags.Environment": "production",
            "tags.Name": "public-subnet-a",
            "tags_all.%": "2",
            "tags_all.Environment": "production",
            "tags_all.Name": "public-subnet-a",
            "vpc_id": "vpc-0afaa249c2c5abb82"
          }
        }
      ]
    },
    {
      "mode": "managed",
      "type": "aws_vpc",
      "name": "tfer--vpc-0afaa249c2c5abb82",
      "provider": "provider[\"registry.terraform.io/-/aws\"]",
      "instances": [
        {
          "schema_version": 1,
          "attributes_flat": {
            "arn": "arn:aws:ec2:ap-northeast-1:748732166031:vpc/vpc-0afaa249c2c5abb82",
            "assign_generated_ipv6_cidr_block": "false",
            "cidr_block": "10.0.0.0/16",
            "default_network_acl_id": "acl-0f7b7cdd60458947c",
            "default_route_table_id": "rtb-0ca549f95509b96dc",
            "default_security_group_id": "sg-074c471c2c4bcdbf7",
            "dhcp_options_id": "dopt-08d29be22085b83e1",
            "enable_classiclink": "false",
            "enable_classiclink_dns_support": "false",
            "enable_dns_hostnames": "true",
            "enable_dns_support": "true",
            "enable_network_address_usage_metrics": "false",
            "id": "vpc-0afaa249c2c5abb82",
            "instance_tenancy": "default",
            "ipv6_association_id": "",
            "ipv6_cidr_block": "",
            "ipv6_cidr_block_network_border_group": "",
            "ipv6_ipam_pool_id": "",
            "ipv6_netmask_length": "0",
            "main_route_table_id": "rtb-0ca549f95509b96dc",
            "owner_id": "748732166031",
            "tags.%": "2",
            "tags.Environment": "production",
            "tags.Name": "ptavpc",
            "tags_all.%": "2",
            "tags_all.Environment": "production",
            "tags_all.Name": "ptavpc"
          }
        }
      ]
    }
  ]
}
