{
  "version": 4,
  "terraform_version": "1.2.5",
  "serial": 5,
  "lineage": "b595b8f8-d001-aad4-e210-fd9d625a701e",
  "outputs": {
    "aws_acm_certificate_tfer--688542ef-16c5-4885-b626-3621458d880e_www-002E-prisoner-training-app-002E-com_id": {
      "value": "arn:aws:acm:ap-northeast-1:748732166031:certificate/688542ef-16c5-4885-b626-3621458d880e",
      "type": "string"
    },
    "aws_db_instance_tfer--pta-db_id": {
      "value": "pta-db",
      "type": "string"
    },
    "aws_ecr_repository_tfer--pta_api_id": {
      "value": "pta_api",
      "type": "string"
    },
    "aws_ecr_repository_tfer--pta_frontend_id": {
      "value": "pta_frontend",
      "type": "string"
    },
    "aws_ecs_cluster_tfer--pta-cluster_id": {
      "value": "arn:aws:ecs:ap-northeast-1:748732166031:cluster/pta-cluster",
      "type": "string"
    },
    "aws_ecs_service_tfer--pta-cluster_pta-service_id": {
      "value": "arn:aws:ecs:ap-northeast-1:748732166031:service/pta-cluster/pta-service",
      "type": "string"
    },
    "aws_ecs_task_definition_tfer--task-definition-002F-ecs_pta_task_id": {
      "value": "ecs_pta_task",
      "type": "string"
    },
    "aws_internet_gateway_tfer--igw-0f9864e58bc3a0ecc_id": {
      "value": "igw-0f9864e58bc3a0ecc",
      "type": "string"
    },
    "aws_route53_zone_tfer--Z0469710YFN6H630JRIE_prisoner-training-app-002E-com_id": {
      "value": "Z0469710YFN6H630JRIE",
      "type": "string"
    },
    "aws_route_table_tfer--rtb-036f24e2b4d658c56_id": {
      "value": "rtb-036f24e2b4d658c56",
      "type": "string"
    },
    "aws_security_group_tfer--pta-alb-sg_sg-09a1fbce35a5ef1c5_id": {
      "value": "sg-09a1fbce35a5ef1c5",
      "type": "string"
    },
    "aws_security_group_tfer--pta-db-sg_sg-0bbf6cdd7121cb715_id": {
      "value": "sg-0bbf6cdd7121cb715",
      "type": "string"
    },
    "aws_security_group_tfer--pta_ecs_sg_sg-02075dc1149208821_id": {
      "value": "sg-02075dc1149208821",
      "type": "string"
    },
    "aws_subnet_tfer--subnet-0635816e36cc79294_id": {
      "value": "subnet-0635816e36cc79294",
      "type": "string"
    },
    "aws_subnet_tfer--subnet-0a66ccfff9e5ab0ba_id": {
      "value": "subnet-0a66ccfff9e5ab0ba",
      "type": "string"
    },
    "aws_subnet_tfer--subnet-0e8479f86a3a382b8_id": {
      "value": "subnet-0e8479f86a3a382b8",
      "type": "string"
    },
    "aws_subnet_tfer--subnet-0f5ed940db4881191_id": {
      "value": "subnet-0f5ed940db4881191",
      "type": "string"
    },
    "aws_vpc_tfer--vpc-0afaa249c2c5abb82_id": {
      "value": "vpc-0afaa249c2c5abb82",
      "type": "string"
    }
  },
  "resources": [
    {
      "mode": "data",
      "type": "terraform_remote_state",
      "name": "local",
      "provider": "provider[\"terraform.io/builtin/terraform\"]",
      "instances": [
        {
          "schema_version": 0,
          "attributes": {
            "backend": "local",
            "config": {
              "value": {
                "path": "terraform.tfstate"
              },
              "type": [
                "object",
                {
                  "path": "string"
                }
              ]
            },
            "defaults": null,
            "outputs": {
              "value": {
                "aws_acm_certificate_tfer--688542ef-16c5-4885-b626-3621458d880e_www-002E-prisoner-training-app-002E-com_id": "arn:aws:acm:ap-northeast-1:748732166031:certificate/688542ef-16c5-4885-b626-3621458d880e",
                "aws_db_instance_tfer--pta-db_id": "pta-db",
                "aws_ecr_repository_tfer--pta_api_id": "pta_api",
                "aws_ecr_repository_tfer--pta_frontend_id": "pta_frontend",
                "aws_ecs_cluster_tfer--pta-cluster_id": "arn:aws:ecs:ap-northeast-1:748732166031:cluster/pta-cluster",
                "aws_ecs_service_tfer--pta-cluster_pta-service_id": "arn:aws:ecs:ap-northeast-1:748732166031:service/pta-cluster/pta-service",
                "aws_ecs_task_definition_tfer--task-definition-002F-ecs_pta_task_id": "ecs_pta_task",
                "aws_internet_gateway_tfer--igw-0f9864e58bc3a0ecc_id": "igw-0f9864e58bc3a0ecc",
                "aws_route53_zone_tfer--Z0469710YFN6H630JRIE_prisoner-training-app-002E-com_id": "Z0469710YFN6H630JRIE",
                "aws_route_table_tfer--rtb-036f24e2b4d658c56_id": "rtb-036f24e2b4d658c56",
                "aws_security_group_tfer--pta-alb-sg_sg-09a1fbce35a5ef1c5_id": "sg-09a1fbce35a5ef1c5",
                "aws_security_group_tfer--pta-db-sg_sg-0bbf6cdd7121cb715_id": "sg-0bbf6cdd7121cb715",
                "aws_security_group_tfer--pta_ecs_sg_sg-02075dc1149208821_id": "sg-02075dc1149208821",
                "aws_subnet_tfer--subnet-0635816e36cc79294_id": "subnet-0635816e36cc79294",
                "aws_subnet_tfer--subnet-0a66ccfff9e5ab0ba_id": "subnet-0a66ccfff9e5ab0ba",
                "aws_subnet_tfer--subnet-0e8479f86a3a382b8_id": "subnet-0e8479f86a3a382b8",
                "aws_subnet_tfer--subnet-0f5ed940db4881191_id": "subnet-0f5ed940db4881191",
                "aws_vpc_tfer--vpc-0afaa249c2c5abb82_id": "vpc-0afaa249c2c5abb82"
              },
              "type": [
                "object",
                {
                  "aws_acm_certificate_tfer--688542ef-16c5-4885-b626-3621458d880e_www-002E-prisoner-training-app-002E-com_id": "string",
                  "aws_db_instance_tfer--pta-db_id": "string",
                  "aws_ecr_repository_tfer--pta_api_id": "string",
                  "aws_ecr_repository_tfer--pta_frontend_id": "string",
                  "aws_ecs_cluster_tfer--pta-cluster_id": "string",
                  "aws_ecs_service_tfer--pta-cluster_pta-service_id": "string",
                  "aws_ecs_task_definition_tfer--task-definition-002F-ecs_pta_task_id": "string",
                  "aws_internet_gateway_tfer--igw-0f9864e58bc3a0ecc_id": "string",
                  "aws_route53_zone_tfer--Z0469710YFN6H630JRIE_prisoner-training-app-002E-com_id": "string",
                  "aws_route_table_tfer--rtb-036f24e2b4d658c56_id": "string",
                  "aws_security_group_tfer--pta-alb-sg_sg-09a1fbce35a5ef1c5_id": "string",
                  "aws_security_group_tfer--pta-db-sg_sg-0bbf6cdd7121cb715_id": "string",
                  "aws_security_group_tfer--pta_ecs_sg_sg-02075dc1149208821_id": "string",
                  "aws_subnet_tfer--subnet-0635816e36cc79294_id": "string",
                  "aws_subnet_tfer--subnet-0a66ccfff9e5ab0ba_id": "string",
                  "aws_subnet_tfer--subnet-0e8479f86a3a382b8_id": "string",
                  "aws_subnet_tfer--subnet-0f5ed940db4881191_id": "string",
                  "aws_vpc_tfer--vpc-0afaa249c2c5abb82_id": "string"
                }
              ]
            },
            "workspace": null
          },
          "sensitive_attributes": []
        }
      ]
    },
    {
      "mode": "managed",
      "type": "aws_acm_certificate",
      "name": "tfer--688542ef-16c5-4885-b626-3621458d880e_www-002E-prisoner-training-app-002E-com",
      "provider": "provider[\"registry.terraform.io/hashicorp/aws\"]",
      "instances": [
        {
          "schema_version": 0,
          "attributes": {
            "arn": "arn:aws:acm:ap-northeast-1:748732166031:certificate/688542ef-16c5-4885-b626-3621458d880e",
            "certificate_authority_arn": "",
            "certificate_body": null,
            "certificate_chain": null,
            "domain_name": "www.prisoner-training-app.com",
            "domain_validation_options": [
              {
                "domain_name": "www.prisoner-training-app.com",
                "resource_record_name": "_67046b25ec7b0194f55a6a1294bd27fb.www.prisoner-training-app.com.",
                "resource_record_type": "CNAME",
                "resource_record_value": "_d501de7dcee431b808f5dda70defe0a0.gjjrqxwdmz.acm-validations.aws."
              }
            ],
            "early_renewal_duration": "",
            "id": "arn:aws:acm:ap-northeast-1:748732166031:certificate/688542ef-16c5-4885-b626-3621458d880e",
            "not_after": "2023-01-28T23:59:59Z",
            "not_before": "2021-12-30T00:00:00Z",
            "options": [
              {
                "certificate_transparency_logging_preference": "ENABLED"
              }
            ],
            "pending_renewal": false,
            "private_key": null,
            "renewal_eligibility": "ELIGIBLE",
            "renewal_summary": [],
            "status": "ISSUED",
            "subject_alternative_names": [
              "www.prisoner-training-app.com"
            ],
            "tags": {
              "Environment": "production"
            },
            "tags_all": {
              "Environment": "production"
            },
            "type": "AMAZON_ISSUED",
            "validation_emails": [],
            "validation_method": "DNS",
            "validation_option": []
          },
          "sensitive_attributes": []
        }
      ]
    },
    {
      "mode": "managed",
      "type": "aws_db_instance",
      "name": "tfer--pta-db",
      "provider": "provider[\"registry.terraform.io/hashicorp/aws\"]",
      "instances": [
        {
          "schema_version": 1,
          "attributes": {
            "address": "pta-db.ccvmjeseqmcv.ap-northeast-1.rds.amazonaws.com",
            "allocated_storage": 20,
            "allow_major_version_upgrade": null,
            "apply_immediately": null,
            "arn": "arn:aws:rds:ap-northeast-1:748732166031:db:pta-db",
            "auto_minor_version_upgrade": true,
            "availability_zone": "ap-northeast-1a",
            "backup_retention_period": 7,
            "backup_window": "13:02-13:32",
            "ca_cert_identifier": "rds-ca-2019",
            "character_set_name": "",
            "copy_tags_to_snapshot": true,
            "custom_iam_instance_profile": "",
            "customer_owned_ip_enabled": false,
            "db_name": "",
            "db_subnet_group_name": "pta-rds-group",
            "delete_automated_backups": null,
            "deletion_protection": false,
            "domain": "",
            "domain_iam_role_name": "",
            "enabled_cloudwatch_logs_exports": [],
            "endpoint": "pta-db.ccvmjeseqmcv.ap-northeast-1.rds.amazonaws.com:3306",
            "engine": "mysql",
            "engine_version": "8.0.28",
            "engine_version_actual": "8.0.28",
            "final_snapshot_identifier": null,
            "hosted_zone_id": "Z24O6O9L7SGTNB",
            "iam_database_authentication_enabled": false,
            "id": "pta-db",
            "identifier": "pta-db",
            "identifier_prefix": "",
            "instance_class": "db.t2.micro",
            "iops": 0,
            "kms_key_id": "",
            "latest_restorable_time": "2022-11-09T11:30:00Z",
            "license_model": "general-public-license",
            "maintenance_window": "fri:18:30-fri:19:00",
            "max_allocated_storage": 0,
            "monitoring_interval": 0,
            "monitoring_role_arn": "",
            "multi_az": false,
            "name": "",
            "nchar_character_set_name": "",
            "network_type": "IPV4",
            "option_group_name": "default:mysql-8-0",
            "parameter_group_name": "default.mysql8.0",
            "password": null,
            "performance_insights_enabled": false,
            "performance_insights_kms_key_id": "",
            "performance_insights_retention_period": 0,
            "port": 3306,
            "publicly_accessible": false,
            "replica_mode": "",
            "replicas": [],
            "replicate_source_db": "",
            "resource_id": "db-DRDOH5TX6P46BB2XDLUEDJM2R4",
            "restore_to_point_in_time": [],
            "s3_import": [],
            "security_group_names": [],
            "skip_final_snapshot": null,
            "snapshot_identifier": null,
            "status": "available",
            "storage_encrypted": false,
            "storage_type": "gp2",
            "tags": {
              "Environment": "production"
            },
            "tags_all": {
              "Environment": "production"
            },
            "timeouts": {
              "create": null,
              "delete": null,
              "update": null
            },
            "timezone": "",
            "username": "root",
            "vpc_security_group_ids": [
              "sg-0bbf6cdd7121cb715"
            ]
          },
          "sensitive_attributes": [],
          "dependencies": [
            "data.terraform_remote_state.local"
          ]
        }
      ]
    },
    {
      "mode": "managed",
      "type": "aws_ecr_repository",
      "name": "tfer--pta_api",
      "provider": "provider[\"registry.terraform.io/hashicorp/aws\"]",
      "instances": [
        {
          "schema_version": 0,
          "attributes": {
            "arn": "arn:aws:ecr:ap-northeast-1:748732166031:repository/pta_api",
            "encryption_configuration": [
              {
                "encryption_type": "AES256",
                "kms_key": ""
              }
            ],
            "force_delete": null,
            "id": "pta_api",
            "image_scanning_configuration": [
              {
                "scan_on_push": false
              }
            ],
            "image_tag_mutability": "MUTABLE",
            "name": "pta_api",
            "registry_id": "748732166031",
            "repository_url": "748732166031.dkr.ecr.ap-northeast-1.amazonaws.com/pta_api",
            "tags": {
              "Environment": "production"
            },
            "tags_all": {
              "Environment": "production"
            },
            "timeouts": {
              "delete": null
            }
          },
          "sensitive_attributes": []
        }
      ]
    },
    {
      "mode": "managed",
      "type": "aws_ecr_repository",
      "name": "tfer--pta_frontend",
      "provider": "provider[\"registry.terraform.io/hashicorp/aws\"]",
      "instances": [
        {
          "schema_version": 0,
          "attributes": {
            "arn": "arn:aws:ecr:ap-northeast-1:748732166031:repository/pta_frontend",
            "encryption_configuration": [
              {
                "encryption_type": "AES256",
                "kms_key": ""
              }
            ],
            "force_delete": null,
            "id": "pta_frontend",
            "image_scanning_configuration": [
              {
                "scan_on_push": false
              }
            ],
            "image_tag_mutability": "MUTABLE",
            "name": "pta_frontend",
            "registry_id": "748732166031",
            "repository_url": "748732166031.dkr.ecr.ap-northeast-1.amazonaws.com/pta_frontend",
            "tags": {
              "Environment": "production"
            },
            "tags_all": {
              "Environment": "production"
            },
            "timeouts": {
              "delete": null
            }
          },
          "sensitive_attributes": []
        }
      ]
    },
    {
      "mode": "managed",
      "type": "aws_ecs_cluster",
      "name": "tfer--pta-cluster",
      "provider": "provider[\"registry.terraform.io/hashicorp/aws\"]",
      "instances": [
        {
          "schema_version": 0,
          "attributes": {
            "arn": "arn:aws:ecs:ap-northeast-1:748732166031:cluster/pta-cluster",
            "capacity_providers": [
              "FARGATE",
              "FARGATE_SPOT"
            ],
            "configuration": [],
            "default_capacity_provider_strategy": [],
            "id": "arn:aws:ecs:ap-northeast-1:748732166031:cluster/pta-cluster",
            "name": "pta-cluster",
            "setting": [
              {
                "name": "containerInsights",
                "value": "disabled"
              }
            ],
            "tags": {
              "Environment": "production"
            },
            "tags_all": {
              "Environment": "production"
            }
          },
          "sensitive_attributes": []
        }
      ]
    },
    {
      "mode": "managed",
      "type": "aws_ecs_cluster_capacity_providers",
      "name": "tfer--pta-cluster",
      "provider": "provider[\"registry.terraform.io/hashicorp/aws\"]",
      "instances": [
        {
          "schema_version": 0,
          "attributes": {
            "capacity_providers": [
              "FARGATE",
              "FARGATE_SPOT"
            ],
            "cluster_name": "pta-cluster",
            "default_capacity_provider_strategy": [],
            "id": "pta-cluster"
          },
          "sensitive_attributes": [],
          "private": "eyJzY2hlbWFfdmVyc2lvbiI6IjAifQ==",
          "dependencies": [
            "aws_ecs_cluster.tfer--pta-cluster"
          ]
        }
      ]
    },
    {
      "mode": "managed",
      "type": "aws_ecs_service",
      "name": "tfer--pta-cluster_pta-service",
      "provider": "provider[\"registry.terraform.io/hashicorp/aws\"]",
      "instances": [
        {
          "schema_version": 0,
          "attributes": {
            "capacity_provider_strategy": [],
            "cluster": "pta-cluster",
            "deployment_circuit_breaker": [
              {
                "enable": false,
                "rollback": false
              }
            ],
            "deployment_controller": [
              {
                "type": "ECS"
              }
            ],
            "deployment_maximum_percent": 200,
            "deployment_minimum_healthy_percent": 100,
            "desired_count": 2,
            "enable_ecs_managed_tags": true,
            "enable_execute_command": true,
            "force_new_deployment": null,
            "health_check_grace_period_seconds": 3600,
            "iam_role": "aws-service-role",
            "id": "arn:aws:ecs:ap-northeast-1:748732166031:service/pta-cluster/pta-service",
            "launch_type": "FARGATE",
            "load_balancer": [
              {
                "container_name": "pta_frontend",
                "container_port": 80,
                "elb_name": "",
                "target_group_arn": "arn:aws:elasticloadbalancing:ap-northeast-1:748732166031:targetgroup/pta-target/58c1a32cd1b870d4"
              }
            ],
            "name": "pta-service",
            "network_configuration": [
              {
                "assign_public_ip": true,
                "security_groups": [
                  "sg-02075dc1149208821"
                ],
                "subnets": [
                  "subnet-0635816e36cc79294",
                  "subnet-0f5ed940db4881191"
                ]
              }
            ],
            "ordered_placement_strategy": [],
            "placement_constraints": [],
            "platform_version": "1.4.0",
            "propagate_tags": "NONE",
            "scheduling_strategy": "REPLICA",
            "service_registries": [],
            "tags": {
              "Environment": "production"
            },
            "tags_all": {
              "Environment": "production"
            },
            "task_definition": "arn:aws:ecs:ap-northeast-1:748732166031:task-definition/ecs_pta_task:22",
            "timeouts": {
              "create": null,
              "delete": null,
              "update": null
            },
            "wait_for_steady_state": null
          },
          "sensitive_attributes": [],
          "dependencies": [
            "data.terraform_remote_state.local"
          ]
        }
      ]
    },
    {
      "mode": "managed",
      "type": "aws_ecs_task_definition",
      "name": "tfer--task-definition-002F-ecs_pta_task",
      "provider": "provider[\"registry.terraform.io/hashicorp/aws\"]",
      "instances": [
        {
          "schema_version": 1,
          "attributes": {
            "arn": "arn:aws:ecs:ap-northeast-1:748732166031:task-definition/ecs_pta_task:22",
            "container_definitions": "[{\"cpu\":0,\"environment\":[{\"name\":\"RAILS_ENV\",\"value\":\"production\"}],\"essential\":true,\"image\":\"748732166031.dkr.ecr.ap-northeast-1.amazonaws.com/pta_api:6b78d4eea6fa8b363bf4619513f2c28359e5d3e8\",\"logConfiguration\":{\"logDriver\":\"awslogs\",\"options\":{\"awslogs-group\":\"/ecs/ecs_pta_task\",\"awslogs-region\":\"ap-northeast-1\",\"awslogs-stream-prefix\":\"ecs\"}},\"mountPoints\":[],\"name\":\"pta_api\",\"portMappings\":[{\"containerPort\":3000,\"hostPort\":3000,\"protocol\":\"tcp\"}],\"secrets\":[{\"name\":\"DB_HOST\",\"valueFrom\":\"pta-db-host\"},{\"name\":\"DB_PASSWORD\",\"valueFrom\":\"pta-db-password\"},{\"name\":\"DB_USERNAME\",\"valueFrom\":\"pta-db-username\"}],\"volumesFrom\":[]},{\"cpu\":0,\"dependsOn\":[{\"condition\":\"START\",\"containerName\":\"pta_api\"}],\"environment\":[],\"essential\":true,\"image\":\"748732166031.dkr.ecr.ap-northeast-1.amazonaws.com/pta_frontend:6b78d4eea6fa8b363bf4619513f2c28359e5d3e8\",\"logConfiguration\":{\"logDriver\":\"awslogs\",\"options\":{\"awslogs-group\":\"/ecs/ecs_pta_task\",\"awslogs-region\":\"ap-northeast-1\",\"awslogs-stream-prefix\":\"ecs\"}},\"mountPoints\":[],\"name\":\"pta_frontend\",\"portMappings\":[{\"containerPort\":80,\"hostPort\":80,\"protocol\":\"tcp\"}],\"volumesFrom\":[{\"sourceContainer\":\"pta_api\"}]}]",
            "cpu": "256",
            "ephemeral_storage": [],
            "execution_role_arn": "arn:aws:iam::748732166031:role/ecsTaskExecutionRole",
            "family": "ecs_pta_task",
            "id": "ecs_pta_task",
            "inference_accelerator": [],
            "ipc_mode": "",
            "memory": "512",
            "network_mode": "awsvpc",
            "pid_mode": "",
            "placement_constraints": [],
            "proxy_configuration": [],
            "requires_compatibilities": [
              "FARGATE"
            ],
            "revision": 22,
            "runtime_platform": [
              {
                "cpu_architecture": "",
                "operating_system_family": "LINUX"
              }
            ],
            "skip_destroy": null,
            "tags": {
              "Environment": "production"
            },
            "tags_all": {
              "Environment": "production"
            },
            "task_role_arn": "arn:aws:iam::748732166031:role/ecsTaskExecutionRole",
            "volume": []
          },
          "sensitive_attributes": []
        }
      ]
    },
    {
      "mode": "managed",
      "type": "aws_internet_gateway",
      "name": "tfer--igw-0f9864e58bc3a0ecc",
      "provider": "provider[\"registry.terraform.io/hashicorp/aws\"]",
      "instances": [
        {
          "schema_version": 0,
          "attributes": {
            "arn": "arn:aws:ec2:ap-northeast-1:748732166031:internet-gateway/igw-0f9864e58bc3a0ecc",
            "id": "igw-0f9864e58bc3a0ecc",
            "owner_id": "748732166031",
            "tags": {
              "Environment": "production",
              "Name": "pta-gateway"
            },
            "tags_all": {
              "Environment": "production",
              "Name": "pta-gateway"
            },
            "timeouts": {
              "create": null,
              "delete": null,
              "update": null
            },
            "vpc_id": "vpc-0afaa249c2c5abb82"
          },
          "sensitive_attributes": [],
          "dependencies": [
            "data.terraform_remote_state.local"
          ]
        }
      ]
    },
    {
      "mode": "managed",
      "type": "aws_route53_zone",
      "name": "tfer--Z0469710YFN6H630JRIE_prisoner-training-app-002E-com",
      "provider": "provider[\"registry.terraform.io/hashicorp/aws\"]",
      "instances": [
        {
          "schema_version": 0,
          "attributes": {
            "arn": "arn:aws:route53:::hostedzone/Z0469710YFN6H630JRIE",
            "comment": "HostedZone created by Route53 Registrar",
            "delegation_set_id": "",
            "force_destroy": false,
            "id": "Z0469710YFN6H630JRIE",
            "name": "prisoner-training-app.com",
            "name_servers": [
              "ns-1326.awsdns-37.org",
              "ns-1974.awsdns-54.co.uk",
              "ns-446.awsdns-55.com",
              "ns-755.awsdns-30.net"
            ],
            "primary_name_server": "ns-446.awsdns-55.com",
            "tags": {
              "Environment": "production"
            },
            "tags_all": {
              "Environment": "production"
            },
            "vpc": [],
            "zone_id": "Z0469710YFN6H630JRIE"
          },
          "sensitive_attributes": []
        }
      ]
    },
    {
      "mode": "managed",
      "type": "aws_route_table",
      "name": "tfer--rtb-036f24e2b4d658c56",
      "provider": "provider[\"registry.terraform.io/hashicorp/aws\"]",
      "instances": [
        {
          "schema_version": 0,
          "attributes": {
            "arn": "arn:aws:ec2:ap-northeast-1:748732166031:route-table/rtb-036f24e2b4d658c56",
            "id": "rtb-036f24e2b4d658c56",
            "owner_id": "748732166031",
            "propagating_vgws": [],
            "route": [
              {
                "carrier_gateway_id": "",
                "cidr_block": "0.0.0.0/0",
                "core_network_arn": "",
                "destination_prefix_list_id": "",
                "egress_only_gateway_id": "",
                "gateway_id": "igw-0f9864e58bc3a0ecc",
                "instance_id": "",
                "ipv6_cidr_block": "",
                "local_gateway_id": "",
                "nat_gateway_id": "",
                "network_interface_id": "",
                "transit_gateway_id": "",
                "vpc_endpoint_id": "",
                "vpc_peering_connection_id": ""
              }
            ],
            "tags": {
              "Environment": "production",
              "Name": "pta-route-table"
            },
            "tags_all": {
              "Environment": "production",
              "Name": "pta-route-table"
            },
            "timeouts": {
              "create": null,
              "delete": null,
              "update": null
            },
            "vpc_id": "vpc-0afaa249c2c5abb82"
          },
          "sensitive_attributes": [],
          "dependencies": [
            "data.terraform_remote_state.local"
          ]
        }
      ]
    },
    {
      "mode": "managed",
      "type": "aws_security_group",
      "name": "tfer--pta-alb-sg_sg-09a1fbce35a5ef1c5",
      "provider": "provider[\"registry.terraform.io/hashicorp/aws\"]",
      "instances": [
        {
          "schema_version": 1,
          "attributes": {
            "arn": "arn:aws:ec2:ap-northeast-1:748732166031:security-group/sg-09a1fbce35a5ef1c5",
            "description": "pta-alb-sg",
            "egress": [
              {
                "cidr_blocks": [],
                "description": "",
                "from_port": 80,
                "ipv6_cidr_blocks": [],
                "prefix_list_ids": [],
                "protocol": "tcp",
                "security_groups": [
                  "sg-02075dc1149208821"
                ],
                "self": false,
                "to_port": 80
              }
            ],
            "id": "sg-09a1fbce35a5ef1c5",
            "ingress": [
              {
                "cidr_blocks": [
                  "0.0.0.0/0"
                ],
                "description": "",
                "from_port": 443,
                "ipv6_cidr_blocks": [],
                "prefix_list_ids": [],
                "protocol": "tcp",
                "security_groups": [],
                "self": false,
                "to_port": 443
              },
              {
                "cidr_blocks": [
                  "0.0.0.0/0"
                ],
                "description": "",
                "from_port": 80,
                "ipv6_cidr_blocks": [],
                "prefix_list_ids": [],
                "protocol": "tcp",
                "security_groups": [],
                "self": false,
                "to_port": 80
              }
            ],
            "name": "pta-alb-sg",
            "name_prefix": "",
            "owner_id": "748732166031",
            "revoke_rules_on_delete": null,
            "tags": {
              "Environment": "production"
            },
            "tags_all": {
              "Environment": "production"
            },
            "timeouts": {
              "create": null,
              "delete": null
            },
            "vpc_id": "vpc-0afaa249c2c5abb82"
          },
          "sensitive_attributes": [],
          "dependencies": [
            "data.terraform_remote_state.local"
          ]
        }
      ]
    },
    {
      "mode": "managed",
      "type": "aws_security_group",
      "name": "tfer--pta-db-sg_sg-0bbf6cdd7121cb715",
      "provider": "provider[\"registry.terraform.io/hashicorp/aws\"]",
      "instances": [
        {
          "schema_version": 1,
          "attributes": {
            "arn": "arn:aws:ec2:ap-northeast-1:748732166031:security-group/sg-0bbf6cdd7121cb715",
            "description": "Security group for rds",
            "egress": [
              {
                "cidr_blocks": [
                  "0.0.0.0/0"
                ],
                "description": "",
                "from_port": 0,
                "ipv6_cidr_blocks": [],
                "prefix_list_ids": [],
                "protocol": "-1",
                "security_groups": [],
                "self": false,
                "to_port": 0
              }
            ],
            "id": "sg-0bbf6cdd7121cb715",
            "ingress": [
              {
                "cidr_blocks": [],
                "description": "",
                "from_port": 3306,
                "ipv6_cidr_blocks": [],
                "prefix_list_ids": [],
                "protocol": "tcp",
                "security_groups": [
                  "sg-02075dc1149208821"
                ],
                "self": false,
                "to_port": 3306
              }
            ],
            "name": "pta-db-sg",
            "name_prefix": "",
            "owner_id": "748732166031",
            "revoke_rules_on_delete": null,
            "tags": {
              "Environment": "production"
            },
            "tags_all": {
              "Environment": "production"
            },
            "timeouts": {
              "create": null,
              "delete": null
            },
            "vpc_id": "vpc-0afaa249c2c5abb82"
          },
          "sensitive_attributes": [],
          "dependencies": [
            "data.terraform_remote_state.local"
          ]
        }
      ]
    },
    {
      "mode": "managed",
      "type": "aws_security_group",
      "name": "tfer--pta_ecs_sg_sg-02075dc1149208821",
      "provider": "provider[\"registry.terraform.io/hashicorp/aws\"]",
      "instances": [
        {
          "schema_version": 1,
          "attributes": {
            "arn": "arn:aws:ec2:ap-northeast-1:748732166031:security-group/sg-02075dc1149208821",
            "description": "pta_ecs_sg",
            "egress": [
              {
                "cidr_blocks": [
                  "0.0.0.0/0"
                ],
                "description": "",
                "from_port": 0,
                "ipv6_cidr_blocks": [],
                "prefix_list_ids": [],
                "protocol": "-1",
                "security_groups": [],
                "self": false,
                "to_port": 0
              }
            ],
            "id": "sg-02075dc1149208821",
            "ingress": [
              {
                "cidr_blocks": [
                  "0.0.0.0/0"
                ],
                "description": "",
                "from_port": 80,
                "ipv6_cidr_blocks": [
                  "::/0"
                ],
                "prefix_list_ids": [],
                "protocol": "tcp",
                "security_groups": [],
                "self": false,
                "to_port": 80
              }
            ],
            "name": "pta_ecs_sg",
            "name_prefix": "",
            "owner_id": "748732166031",
            "revoke_rules_on_delete": null,
            "tags": {
              "Environment": "production"
            },
            "tags_all": {
              "Environment": "production"
            },
            "timeouts": {
              "create": null,
              "delete": null
            },
            "vpc_id": "vpc-0afaa249c2c5abb82"
          },
          "sensitive_attributes": []
        }
      ]
    },
    {
      "mode": "managed",
      "type": "aws_subnet",
      "name": "tfer--subnet-0635816e36cc79294",
      "provider": "provider[\"registry.terraform.io/hashicorp/aws\"]",
      "instances": [
        {
          "schema_version": 1,
          "attributes": {
            "arn": "arn:aws:ec2:ap-northeast-1:748732166031:subnet/subnet-0635816e36cc79294",
            "assign_ipv6_address_on_creation": false,
            "availability_zone": "ap-northeast-1c",
            "availability_zone_id": "apne1-az1",
            "cidr_block": "10.0.20.0/24",
            "customer_owned_ipv4_pool": "",
            "enable_dns64": false,
            "enable_resource_name_dns_a_record_on_launch": false,
            "enable_resource_name_dns_aaaa_record_on_launch": false,
            "id": "subnet-0635816e36cc79294",
            "ipv6_cidr_block": "",
            "ipv6_cidr_block_association_id": "",
            "ipv6_native": false,
            "map_customer_owned_ip_on_launch": false,
            "map_public_ip_on_launch": false,
            "outpost_arn": "",
            "owner_id": "748732166031",
            "private_dns_hostname_type_on_launch": "ip-name",
            "tags": {
              "Environment": "production",
              "Name": "public-subnet-c"
            },
            "tags_all": {
              "Environment": "production",
              "Name": "public-subnet-c"
            },
            "timeouts": {
              "create": null,
              "delete": null
            },
            "vpc_id": "vpc-0afaa249c2c5abb82"
          },
          "sensitive_attributes": [],
          "dependencies": [
            "data.terraform_remote_state.local"
          ]
        }
      ]
    },
    {
      "mode": "managed",
      "type": "aws_subnet",
      "name": "tfer--subnet-0a66ccfff9e5ab0ba",
      "provider": "provider[\"registry.terraform.io/hashicorp/aws\"]",
      "instances": [
        {
          "schema_version": 1,
          "attributes": {
            "arn": "arn:aws:ec2:ap-northeast-1:748732166031:subnet/subnet-0a66ccfff9e5ab0ba",
            "assign_ipv6_address_on_creation": false,
            "availability_zone": "ap-northeast-1a",
            "availability_zone_id": "apne1-az4",
            "cidr_block": "10.0.2.0/24",
            "customer_owned_ipv4_pool": "",
            "enable_dns64": false,
            "enable_resource_name_dns_a_record_on_launch": false,
            "enable_resource_name_dns_aaaa_record_on_launch": false,
            "id": "subnet-0a66ccfff9e5ab0ba",
            "ipv6_cidr_block": "",
            "ipv6_cidr_block_association_id": "",
            "ipv6_native": false,
            "map_customer_owned_ip_on_launch": false,
            "map_public_ip_on_launch": false,
            "outpost_arn": "",
            "owner_id": "748732166031",
            "private_dns_hostname_type_on_launch": "ip-name",
            "tags": {
              "Environment": "production",
              "Name": "プライベートサブネット"
            },
            "tags_all": {
              "Environment": "production",
              "Name": "プライベートサブネット"
            },
            "timeouts": {
              "create": null,
              "delete": null
            },
            "vpc_id": "vpc-0afaa249c2c5abb82"
          },
          "sensitive_attributes": [],
          "dependencies": [
            "data.terraform_remote_state.local"
          ]
        }
      ]
    },
    {
      "mode": "managed",
      "type": "aws_subnet",
      "name": "tfer--subnet-0e8479f86a3a382b8",
      "provider": "provider[\"registry.terraform.io/hashicorp/aws\"]",
      "instances": [
        {
          "schema_version": 1,
          "attributes": {
            "arn": "arn:aws:ec2:ap-northeast-1:748732166031:subnet/subnet-0e8479f86a3a382b8",
            "assign_ipv6_address_on_creation": false,
            "availability_zone": "ap-northeast-1c",
            "availability_zone_id": "apne1-az1",
            "cidr_block": "10.0.3.0/24",
            "customer_owned_ipv4_pool": "",
            "enable_dns64": false,
            "enable_resource_name_dns_a_record_on_launch": false,
            "enable_resource_name_dns_aaaa_record_on_launch": false,
            "id": "subnet-0e8479f86a3a382b8",
            "ipv6_cidr_block": "",
            "ipv6_cidr_block_association_id": "",
            "ipv6_native": false,
            "map_customer_owned_ip_on_launch": false,
            "map_public_ip_on_launch": false,
            "outpost_arn": "",
            "owner_id": "748732166031",
            "private_dns_hostname_type_on_launch": "ip-name",
            "tags": {
              "Environment": "production",
              "Name": "RDS用サブネット"
            },
            "tags_all": {
              "Environment": "production",
              "Name": "RDS用サブネット"
            },
            "timeouts": {
              "create": null,
              "delete": null
            },
            "vpc_id": "vpc-0afaa249c2c5abb82"
          },
          "sensitive_attributes": [],
          "dependencies": [
            "data.terraform_remote_state.local"
          ]
        }
      ]
    },
    {
      "mode": "managed",
      "type": "aws_subnet",
      "name": "tfer--subnet-0f5ed940db4881191",
      "provider": "provider[\"registry.terraform.io/hashicorp/aws\"]",
      "instances": [
        {
          "schema_version": 1,
          "attributes": {
            "arn": "arn:aws:ec2:ap-northeast-1:748732166031:subnet/subnet-0f5ed940db4881191",
            "assign_ipv6_address_on_creation": false,
            "availability_zone": "ap-northeast-1a",
            "availability_zone_id": "apne1-az4",
            "cidr_block": "10.0.10.0/24",
            "customer_owned_ipv4_pool": "",
            "enable_dns64": false,
            "enable_resource_name_dns_a_record_on_launch": false,
            "enable_resource_name_dns_aaaa_record_on_launch": false,
            "id": "subnet-0f5ed940db4881191",
            "ipv6_cidr_block": "",
            "ipv6_cidr_block_association_id": "",
            "ipv6_native": false,
            "map_customer_owned_ip_on_launch": false,
            "map_public_ip_on_launch": false,
            "outpost_arn": "",
            "owner_id": "748732166031",
            "private_dns_hostname_type_on_launch": "ip-name",
            "tags": {
              "Environment": "production",
              "Name": "public-subnet-a"
            },
            "tags_all": {
              "Environment": "production",
              "Name": "public-subnet-a"
            },
            "timeouts": {
              "create": null,
              "delete": null
            },
            "vpc_id": "vpc-0afaa249c2c5abb82"
          },
          "sensitive_attributes": [],
          "dependencies": [
            "data.terraform_remote_state.local"
          ]
        }
      ]
    },
    {
      "mode": "managed",
      "type": "aws_vpc",
      "name": "tfer--vpc-0afaa249c2c5abb82",
      "provider": "provider[\"registry.terraform.io/hashicorp/aws\"]",
      "instances": [
        {
          "schema_version": 1,
          "attributes": {
            "arn": "arn:aws:ec2:ap-northeast-1:748732166031:vpc/vpc-0afaa249c2c5abb82",
            "assign_generated_ipv6_cidr_block": false,
            "cidr_block": "10.0.0.0/16",
            "default_network_acl_id": "acl-0f7b7cdd60458947c",
            "default_route_table_id": "rtb-0ca549f95509b96dc",
            "default_security_group_id": "sg-074c471c2c4bcdbf7",
            "dhcp_options_id": "dopt-08d29be22085b83e1",
            "enable_classiclink": false,
            "enable_classiclink_dns_support": false,
            "enable_dns_hostnames": true,
            "enable_dns_support": true,
            "enable_network_address_usage_metrics": false,
            "id": "vpc-0afaa249c2c5abb82",
            "instance_tenancy": "default",
            "ipv4_ipam_pool_id": null,
            "ipv4_netmask_length": null,
            "ipv6_association_id": "",
            "ipv6_cidr_block": "",
            "ipv6_cidr_block_network_border_group": "",
            "ipv6_ipam_pool_id": "",
            "ipv6_netmask_length": 0,
            "main_route_table_id": "rtb-0ca549f95509b96dc",
            "owner_id": "748732166031",
            "tags": {
              "Environment": "production",
              "Name": "ptavpc"
            },
            "tags_all": {
              "Environment": "production",
              "Name": "ptavpc"
            }
          },
          "sensitive_attributes": []
        }
      ]
    }
  ]
}
